
Microsoft Visual Studio Solution File, Format Version 12.00
# Visual Studio 15
VisualStudioVersion = 15.0.26430.14
MinimumVisualStudioVersion = 10.0.40219.1
Project("{FAE04EC0-301F-11D3-BF4B-00C04F79EFBC}") = "TimesTables", "TimesTables\TimesTables.csproj", "{E6738E25-FDB0-4F4C-926E-F5B5907A7329}"
EndProject
Global
	GlobalSection(SolutionConfigurationPlatforms) = preSolution
		Debug|Any CPU = Debug|Any CPU
		Release|Any CPU = Release|Any CPU
	EndGlobalSection
	GlobalSection(ProjectConfigurationPlatforms) = postSolution
		{E6738E25-FDB0-4F4C-926E-F5B5907A7329}.Debug|Any CPU.ActiveCfg = Debug|Any CPU
		{E6738E25-FDB0-4F4C-926E-F5B5907A7329}.Debug|Any CPU.Build.0 = Debug|Any CPU
		{E6738E25-FDB0-4F4C-926E-F5B5907A7329}.Release|Any CPU.ActiveCfg = Release|Any CPU
		{E6738E25-FDB0-4F4C-926E-F5B5907A7329}.Release|Any CPU.Build.0 = Release|Any CPU
	EndGlobalSection
	GlobalSection(SolutionProperties) = preSolution
		HideSolutionNode = FALSE
	EndGlobalSection
EndGlobal
